
Microsoft Visual Studio Solution File, Format Version 12.00
Project("{FAE04EC0-301F-11D3-BF4B-00C04F79EFBC}") = "Application", "Application\Application.csproj", "{FF3B764B-F66A-473C-8940-620419D051F4}"
EndProject
Project("{2150E333-8FDC-42A3-9474-1A3956D46DE8}") = "Plugins", "Plugins", "{37161694-3C67-4C29-A843-4E170FF4C035}"
EndProject
Project("{FAE04EC0-301F-11D3-BF4B-00C04F79EFBC}") = "PluginBase", "PluginBase\PluginBase.csproj", "{D34E8949-6EEC-4BD4-9240-FFD920562C15}"
EndProject
Project("{FAE04EC0-301F-11D3-BF4B-00C04F79EFBC}") = "HexagonPlugin", "HexagonPlugin\HexagonPlugin.csproj", "{7E72F742-D2F6-485B-850E-93E2C443B1A6}"
EndProject
Project("{FAE04EC0-301F-11D3-BF4B-00C04F79EFBC}") = "PentagonPlugin", "PentagonPlugin\PentagonPlugin.csproj", "{ECFCA9F2-D314-47D3-900B-9F2FBA7D646C}"
EndProject
Global
	GlobalSection(SolutionConfigurationPlatforms) = preSolution
		Debug|Any CPU = Debug|Any CPU
		Release|Any CPU = Release|Any CPU
	EndGlobalSection
	GlobalSection(ProjectConfigurationPlatforms) = postSolution
		{FF3B764B-F66A-473C-8940-620419D051F4}.Debug|Any CPU.ActiveCfg = Debug|Any CPU
		{FF3B764B-F66A-473C-8940-620419D051F4}.Debug|Any CPU.Build.0 = Debug|Any CPU
		{FF3B764B-F66A-473C-8940-620419D051F4}.Release|Any CPU.ActiveCfg = Release|Any CPU
		{FF3B764B-F66A-473C-8940-620419D051F4}.Release|Any CPU.Build.0 = Release|Any CPU
		{D34E8949-6EEC-4BD4-9240-FFD920562C15}.Debug|Any CPU.ActiveCfg = Debug|Any CPU
		{D34E8949-6EEC-4BD4-9240-FFD920562C15}.Debug|Any CPU.Build.0 = Debug|Any CPU
		{D34E8949-6EEC-4BD4-9240-FFD920562C15}.Release|Any CPU.ActiveCfg = Release|Any CPU
		{D34E8949-6EEC-4BD4-9240-FFD920562C15}.Release|Any CPU.Build.0 = Release|Any CPU
		{7E72F742-D2F6-485B-850E-93E2C443B1A6}.Debug|Any CPU.ActiveCfg = Debug|Any CPU
		{7E72F742-D2F6-485B-850E-93E2C443B1A6}.Debug|Any CPU.Build.0 = Debug|Any CPU
		{7E72F742-D2F6-485B-850E-93E2C443B1A6}.Release|Any CPU.ActiveCfg = Release|Any CPU
		{7E72F742-D2F6-485B-850E-93E2C443B1A6}.Release|Any CPU.Build.0 = Release|Any CPU
		{ECFCA9F2-D314-47D3-900B-9F2FBA7D646C}.Debug|Any CPU.ActiveCfg = Debug|Any CPU
		{ECFCA9F2-D314-47D3-900B-9F2FBA7D646C}.Debug|Any CPU.Build.0 = Debug|Any CPU
		{ECFCA9F2-D314-47D3-900B-9F2FBA7D646C}.Release|Any CPU.ActiveCfg = Release|Any CPU
		{ECFCA9F2-D314-47D3-900B-9F2FBA7D646C}.Release|Any CPU.Build.0 = Release|Any CPU
	EndGlobalSection
	GlobalSection(NestedProjects) = preSolution
		{7E72F742-D2F6-485B-850E-93E2C443B1A6} = {37161694-3C67-4C29-A843-4E170FF4C035}
		{ECFCA9F2-D314-47D3-900B-9F2FBA7D646C} = {37161694-3C67-4C29-A843-4E170FF4C035}
	EndGlobalSection
EndGlobal
